
Microsoft Visual Studio Solution File, Format Version 12.00
# Visual Studio Version 16
VisualStudioVersion = 16.0.31729.503
MinimumVisualStudioVersion = 10.0.40219.1
Project("{FAE04EC0-301F-11D3-BF4B-00C04F79EFBC}") = "MBSAPITest01", "MBSAPITest01\MBSAPITest01.csproj", "{4B2F76C2-423C-40DF-AEEF-2C69321D6009}"
EndProject
Project("{FAE04EC0-301F-11D3-BF4B-00C04F79EFBC}") = "API_Tester", "API_Tester\API_Tester.csproj", "{9E43F1E3-40F3-4C92-9CB5-5C72196AF4F6}"
EndProject
Global
	GlobalSection(SolutionConfigurationPlatforms) = preSolution
		Debug|Any CPU = Debug|Any CPU
		Release|Any CPU = Release|Any CPU
	EndGlobalSection
	GlobalSection(ProjectConfigurationPlatforms) = postSolution
		{4B2F76C2-423C-40DF-AEEF-2C69321D6009}.Debug|Any CPU.ActiveCfg = Debug|Any CPU
		{4B2F76C2-423C-40DF-AEEF-2C69321D6009}.Debug|Any CPU.Build.0 = Debug|Any CPU
		{4B2F76C2-423C-40DF-AEEF-2C69321D6009}.Release|Any CPU.ActiveCfg = Release|Any CPU
		{4B2F76C2-423C-40DF-AEEF-2C69321D6009}.Release|Any CPU.Build.0 = Release|Any CPU
		{9E43F1E3-40F3-4C92-9CB5-5C72196AF4F6}.Debug|Any CPU.ActiveCfg = Debug|Any CPU
		{9E43F1E3-40F3-4C92-9CB5-5C72196AF4F6}.Debug|Any CPU.Build.0 = Debug|Any CPU
		{9E43F1E3-40F3-4C92-9CB5-5C72196AF4F6}.Release|Any CPU.ActiveCfg = Release|Any CPU
		{9E43F1E3-40F3-4C92-9CB5-5C72196AF4F6}.Release|Any CPU.Build.0 = Release|Any CPU
	EndGlobalSection
	GlobalSection(SolutionProperties) = preSolution
		HideSolutionNode = FALSE
	EndGlobalSection
	GlobalSection(ExtensibilityGlobals) = postSolution
		SolutionGuid = {BEA3258B-7AF5-403B-8A96-0E724B066A1C}
	EndGlobalSection
EndGlobal
